filippo.io/edwards25519 v1.2.0 h1:crnVqOiS4jqYleHd9vaKZ+HKtHfllngJIiOpNpoJsjo=
filippo.io/edwards25519 v1.2.0/go.mod h1:xzAOLCNug/yB62zG1bQ8uziwrIqIuxhctzJT18Q77mc=
filippo.io/nistec v0.0.4 h1:F14ZHT5htWlMnQVPndX9ro9arf56cBhQxq4LnDI491s=
filippo.io/nistec v0.0.4/go.mod h1:PK/lw8I1gQT4hUML4QGaqljwdDaFcMyFKSXN7kjrtKI=
github.com/bytemare/dkg v0.0.0-20260615011009-183ce3f7e6d0 h1:u3zTY26PbP2i2hQT3AvHhP3wvqw4A4GAVodLXgqaTRM=
github.com/bytemare/dkg v0.0.0-20260615011009-183ce3f7e6d0/go.mod h1:VbYZgDR6OzgLVSvrbhiO24DJpRSKgy6cM0K3TlQPtKY=
github.com/bytemare/ecc v0.10.0 h1:Se2rzndqxAp8Fqv6SGaboaJzMxB4czbAPcPq9RPS8H8=
github.com/bytemare/ecc v0.10.0/go.mod h1:oXkYi15gIPFizplNVm7wxJML1tRreqzl89acIZLJSzA=
github.com/bytemare/hash v0.6.3 h1:6/lxKQTm0zJlNvrzRPHWKqdiHcIbSOEdN9jn4Ych2no=
github.com/bytemare/hash v0.6.3/go.mod h1:DBaB71J+8dVhJg9+sItoVOkV724buQ+2e0sp4uNSS4Y=
github.com/bytemare/secp256k1 v0.5.0 h1:8sOG8jTWJSpnvjeLMbEZVs/4RNDOCy9YbMEy32DIt+4=
github.com/bytemare/secp256k1 v0.5.0/go.mod h1:9AntSfCtXjopK1lL4ReEYqc7X56ZfmTGeL17P4/nmFE=
github.com/bytemare/secret-sharing v0.8.1-0.20260608010144-f8126702fd4d h1:ERT93hL1Y+oLxhKaFtfaQ2fB7LrSdnDIw3tcvt1OwB0=
github.com/bytemare/secret-sharing v0.8.1-0.20260608010144-f8126702fd4d/go.mod h1:S2/2lBWejPJp6Wx6aHVDTiOG5C1GDfCYLcGRzwjqYVE=
github.com/gtank/ristretto255 v0.2.0 h1:LeOuWr6giplWkkMizx2emfG03SRPJqKt1nfIHLVHQ/0=
github.com/gtank/ristretto255 v0.2.0/go.mod h1:OJ1ox/dWcp7sJ5grYDcZ+kkHYuj5nelW5aaL7ESVXBw=
golang.org/x/crypto v0.53.0 h1:QZ4Muo8THX6CizN2vPPd5fBGHyogrdK9fG4wLPFUsto=
golang.org/x/crypto v0.53.0/go.mod h1:DNLU434OwVakk9PzuwV8w62mAJpRJL3vsgcfp4Qnsio=
golang.org/x/sys v0.46.0 h1:noSf2Fq6F8DBgS+LysIkx7rIExoNHJsxOAtPp4rthXw=
golang.org/x/sys v0.46.0/go.mod h1:4GL1E5IUh+htKOUEOaiffhrAeqysfVGipDYzABqnCmw=
